
Microsoft Visual Studio Solution File, Format Version 12.00
# Visual Studio Version 17
VisualStudioVersion = 17.5.002.0
MinimumVisualStudioVersion = 10.0.40219.1
Project("{2150E333-8FDC-42A3-9474-1A3956D46DE8}") = "week01", "week01", "{52744AC1-C8AD-4E24-802D-54FDC7F32492}"
EndProject
Project("{9A19103F-16F7-4668-BE54-9A1E7A4F7556}") = "code", "week01\code\code.csproj", "{2EA49F3D-92D4-42E8-99C1-5622600F8C61}"
EndProject
Project("{9A19103F-16F7-4668-BE54-9A1E7A4F7556}") = "analyze", "week01\analyze\analyze.csproj", "{8D6594AC-AD4E-4242-8757-D9A2B01A11BB}"
EndProject
Project("{9A19103F-16F7-4668-BE54-9A1E7A4F7556}") = "teach", "week01\teach\teach.csproj", "{1AAB79D7-D228-476A-87BD-6370C3C39101}"
EndProject
Project("{2150E333-8FDC-42A3-9474-1A3956D46DE8}") = "week06", "week06", "{EB490B52-13C6-4D29-BBC6-A27C643C9310}"
EndProject
Project("{9A19103F-16F7-4668-BE54-9A1E7A4F7556}") = "code", "week06\code\code.csproj", "{DE14B6CF-717F-45D6-85DB-EFCE72085B8C}"
EndProject
Project("{2150E333-8FDC-42A3-9474-1A3956D46DE8}") = "sandbox", "sandbox", "{5AD98D5C-C11A-418F-AB8F-27E450C00F5B}"
EndProject
Project("{9A19103F-16F7-4668-BE54-9A1E7A4F7556}") = "sandbox_project", "sandbox\sandbox_project\sandbox_project.csproj", "{70E98BF1-39FC-4916-9E1E-EC0FCEE50ADF}"
EndProject
Project("{2150E333-8FDC-42A3-9474-1A3956D46DE8}") = "week05", "week05", "{6690D6EF-EFEE-45F9-B215-5A01CDDDF499}"
EndProject
Project("{9A19103F-16F7-4668-BE54-9A1E7A4F7556}") = "code", "week05\code\code.csproj", "{41B3167C-251C-4ED0-B53F-904C4A58B7B2}"
EndProject
Project("{2150E333-8FDC-42A3-9474-1A3956D46DE8}") = "week02", "week02", "{B239CA9F-6AD0-4C98-9F01-6EEDDBF43F70}"
EndProject
Project("{9A19103F-16F7-4668-BE54-9A1E7A4F7556}") = "learn", "week02\learn\learn.csproj", "{40AC351F-B52F-47FF-887C-1486E38BCDC9}"
EndProject
Project("{9A19103F-16F7-4668-BE54-9A1E7A4F7556}") = "code", "week02\code\code.csproj", "{F9AD18FC-13B3-4577-A73A-C01859AAFD77}"
EndProject
Project("{9A19103F-16F7-4668-BE54-9A1E7A4F7556}") = "analyze", "week02\analyze\analyze.csproj", "{8AEB0766-5A1B-4BE6-B991-AA38FAE8B0B4}"
EndProject
Project("{9A19103F-16F7-4668-BE54-9A1E7A4F7556}") = "teach", "week02\teach\teach.csproj", "{895C5658-5616-4E9B-A75F-F71CFE4EED41}"
EndProject
Project("{2150E333-8FDC-42A3-9474-1A3956D46DE8}") = "week03", "week03", "{8C1D54C2-BC42-44DE-8DA6-5A08A95FE60B}"
EndProject
Project("{9A19103F-16F7-4668-BE54-9A1E7A4F7556}") = "learn", "week03\learn\learn.csproj", "{83A05EB6-9805-4DDC-BC54-431EF31AA5E9}"
EndProject
Project("{9A19103F-16F7-4668-BE54-9A1E7A4F7556}") = "code", "week03\code\code.csproj", "{61B85E79-E130-4EAD-B24A-5F8094B0CBCA}"
EndProject
Project("{9A19103F-16F7-4668-BE54-9A1E7A4F7556}") = "teach", "week03\teach\teach.csproj", "{9AB80535-3A71-4CF5-B099-897EFE0F4824}"
EndProject
Project("{2150E333-8FDC-42A3-9474-1A3956D46DE8}") = "week04", "week04", "{55B10C5A-D291-40B2-A636-30B0D1B08257}"
EndProject
Project("{9A19103F-16F7-4668-BE54-9A1E7A4F7556}") = "code", "week04\code\code.csproj", "{CB475EE5-262C-4143-A316-5E4BFFFE16B4}"
EndProject
Global
	GlobalSection(SolutionConfigurationPlatforms) = preSolution
		Debug|Any CPU = Debug|Any CPU
		Release|Any CPU = Release|Any CPU
	EndGlobalSection
	GlobalSection(ProjectConfigurationPlatforms) = postSolution
		{2EA49F3D-92D4-42E8-99C1-5622600F8C61}.Debug|Any CPU.ActiveCfg = Debug|Any CPU
		{2EA49F3D-92D4-42E8-99C1-5622600F8C61}.Debug|Any CPU.Build.0 = Debug|Any CPU
		{2EA49F3D-92D4-42E8-99C1-5622600F8C61}.Release|Any CPU.ActiveCfg = Release|Any CPU
		{2EA49F3D-92D4-42E8-99C1-5622600F8C61}.Release|Any CPU.Build.0 = Release|Any CPU
		{8D6594AC-AD4E-4242-8757-D9A2B01A11BB}.Debug|Any CPU.ActiveCfg = Debug|Any CPU
		{8D6594AC-AD4E-4242-8757-D9A2B01A11BB}.Debug|Any CPU.Build.0 = Debug|Any CPU
		{8D6594AC-AD4E-4242-8757-D9A2B01A11BB}.Release|Any CPU.ActiveCfg = Release|Any CPU
		{8D6594AC-AD4E-4242-8757-D9A2B01A11BB}.Release|Any CPU.Build.0 = Release|Any CPU
		{1AAB79D7-D228-476A-87BD-6370C3C39101}.Debug|Any CPU.ActiveCfg = Debug|Any CPU
		{1AAB79D7-D228-476A-87BD-6370C3C39101}.Debug|Any CPU.Build.0 = Debug|Any CPU
		{1AAB79D7-D228-476A-87BD-6370C3C39101}.Release|Any CPU.ActiveCfg = Release|Any CPU
		{1AAB79D7-D228-476A-87BD-6370C3C39101}.Release|Any CPU.Build.0 = Release|Any CPU
		{DE14B6CF-717F-45D6-85DB-EFCE72085B8C}.Debug|Any CPU.ActiveCfg = Debug|Any CPU
		{DE14B6CF-717F-45D6-85DB-EFCE72085B8C}.Debug|Any CPU.Build.0 = Debug|Any CPU
		{DE14B6CF-717F-45D6-85DB-EFCE72085B8C}.Release|Any CPU.ActiveCfg = Release|Any CPU
		{DE14B6CF-717F-45D6-85DB-EFCE72085B8C}.Release|Any CPU.Build.0 = Release|Any CPU
		{70E98BF1-39FC-4916-9E1E-EC0FCEE50ADF}.Debug|Any CPU.ActiveCfg = Debug|Any CPU
		{70E98BF1-39FC-4916-9E1E-EC0FCEE50ADF}.Debug|Any CPU.Build.0 = Debug|Any CPU
		{70E98BF1-39FC-4916-9E1E-EC0FCEE50ADF}.Release|Any CPU.ActiveCfg = Release|Any CPU
		{70E98BF1-39FC-4916-9E1E-EC0FCEE50ADF}.Release|Any CPU.Build.0 = Release|Any CPU
		{41B3167C-251C-4ED0-B53F-904C4A58B7B2}.Debug|Any CPU.ActiveCfg = Debug|Any CPU
		{41B3167C-251C-4ED0-B53F-904C4A58B7B2}.Debug|Any CPU.Build.0 = Debug|Any CPU
		{41B3167C-251C-4ED0-B53F-904C4A58B7B2}.Release|Any CPU.ActiveCfg = Release|Any CPU
		{41B3167C-251C-4ED0-B53F-904C4A58B7B2}.Release|Any CPU.Build.0 = Release|Any CPU
		{40AC351F-B52F-47FF-887C-1486E38BCDC9}.Debug|Any CPU.ActiveCfg = Debug|Any CPU
		{40AC351F-B52F-47FF-887C-1486E38BCDC9}.Debug|Any CPU.Build.0 = Debug|Any CPU
		{40AC351F-B52F-47FF-887C-1486E38BCDC9}.Release|Any CPU.ActiveCfg = Release|Any CPU
		{40AC351F-B52F-47FF-887C-1486E38BCDC9}.Release|Any CPU.Build.0 = Release|Any CPU
		{F9AD18FC-13B3-4577-A73A-C01859AAFD77}.Debug|Any CPU.ActiveCfg = Debug|Any CPU
		{F9AD18FC-13B3-4577-A73A-C01859AAFD77}.Debug|Any CPU.Build.0 = Debug|Any CPU
		{F9AD18FC-13B3-4577-A73A-C01859AAFD77}.Release|Any CPU.ActiveCfg = Release|Any CPU
		{F9AD18FC-13B3-4577-A73A-C01859AAFD77}.Release|Any CPU.Build.0 = Release|Any CPU
		{8AEB0766-5A1B-4BE6-B991-AA38FAE8B0B4}.Debug|Any CPU.ActiveCfg = Debug|Any CPU
		{8AEB0766-5A1B-4BE6-B991-AA38FAE8B0B4}.Debug|Any CPU.Build.0 = Debug|Any CPU
		{8AEB0766-5A1B-4BE6-B991-AA38FAE8B0B4}.Release|Any CPU.ActiveCfg = Release|Any CPU
		{8AEB0766-5A1B-4BE6-B991-AA38FAE8B0B4}.Release|Any CPU.Build.0 = Release|Any CPU
		{895C5658-5616-4E9B-A75F-F71CFE4EED41}.Debug|Any CPU.ActiveCfg = Debug|Any CPU
		{895C5658-5616-4E9B-A75F-F71CFE4EED41}.Debug|Any CPU.Build.0 = Debug|Any CPU
		{895C5658-5616-4E9B-A75F-F71CFE4EED41}.Release|Any CPU.ActiveCfg = Release|Any CPU
		{895C5658-5616-4E9B-A75F-F71CFE4EED41}.Release|Any CPU.Build.0 = Release|Any CPU
		{83A05EB6-9805-4DDC-BC54-431EF31AA5E9}.Debug|Any CPU.ActiveCfg = Debug|Any CPU
		{83A05EB6-9805-4DDC-BC54-431EF31AA5E9}.Debug|Any CPU.Build.0 = Debug|Any CPU
		{83A05EB6-9805-4DDC-BC54-431EF31AA5E9}.Release|Any CPU.ActiveCfg = Release|Any CPU
		{83A05EB6-9805-4DDC-BC54-431EF31AA5E9}.Release|Any CPU.Build.0 = Release|Any CPU
		{61B85E79-E130-4EAD-B24A-5F8094B0CBCA}.Debug|Any CPU.ActiveCfg = Debug|Any CPU
		{61B85E79-E130-4EAD-B24A-5F8094B0CBCA}.Debug|Any CPU.Build.0 = Debug|Any CPU
		{61B85E79-E130-4EAD-B24A-5F8094B0CBCA}.Release|Any CPU.ActiveCfg = Release|Any CPU
		{61B85E79-E130-4EAD-B24A-5F8094B0CBCA}.Release|Any CPU.Build.0 = Release|Any CPU
		{9AB80535-3A71-4CF5-B099-897EFE0F4824}.Debug|Any CPU.ActiveCfg = Debug|Any CPU
		{9AB80535-3A71-4CF5-B099-897EFE0F4824}.Debug|Any CPU.Build.0 = Debug|Any CPU
		{9AB80535-3A71-4CF5-B099-897EFE0F4824}.Release|Any CPU.ActiveCfg = Release|Any CPU
		{9AB80535-3A71-4CF5-B099-897EFE0F4824}.Release|Any CPU.Build.0 = Release|Any CPU
		{CB475EE5-262C-4143-A316-5E4BFFFE16B4}.Debug|Any CPU.ActiveCfg = Debug|Any CPU
		{CB475EE5-262C-4143-A316-5E4BFFFE16B4}.Debug|Any CPU.Build.0 = Debug|Any CPU
		{CB475EE5-262C-4143-A316-5E4BFFFE16B4}.Release|Any CPU.ActiveCfg = Release|Any CPU
		{CB475EE5-262C-4143-A316-5E4BFFFE16B4}.Release|Any CPU.Build.0 = Release|Any CPU
	EndGlobalSection
	GlobalSection(SolutionProperties) = preSolution
		HideSolutionNode = FALSE
	EndGlobalSection
	GlobalSection(NestedProjects) = preSolution
		{2EA49F3D-92D4-42E8-99C1-5622600F8C61} = {52744AC1-C8AD-4E24-802D-54FDC7F32492}
		{8D6594AC-AD4E-4242-8757-D9A2B01A11BB} = {52744AC1-C8AD-4E24-802D-54FDC7F32492}
		{1AAB79D7-D228-476A-87BD-6370C3C39101} = {52744AC1-C8AD-4E24-802D-54FDC7F32492}
		{DE14B6CF-717F-45D6-85DB-EFCE72085B8C} = {EB490B52-13C6-4D29-BBC6-A27C643C9310}
		{70E98BF1-39FC-4916-9E1E-EC0FCEE50ADF} = {5AD98D5C-C11A-418F-AB8F-27E450C00F5B}
		{41B3167C-251C-4ED0-B53F-904C4A58B7B2} = {6690D6EF-EFEE-45F9-B215-5A01CDDDF499}
		{40AC351F-B52F-47FF-887C-1486E38BCDC9} = {B239CA9F-6AD0-4C98-9F01-6EEDDBF43F70}
		{F9AD18FC-13B3-4577-A73A-C01859AAFD77} = {B239CA9F-6AD0-4C98-9F01-6EEDDBF43F70}
		{8AEB0766-5A1B-4BE6-B991-AA38FAE8B0B4} = {B239CA9F-6AD0-4C98-9F01-6EEDDBF43F70}
		{895C5658-5616-4E9B-A75F-F71CFE4EED41} = {B239CA9F-6AD0-4C98-9F01-6EEDDBF43F70}
		{83A05EB6-9805-4DDC-BC54-431EF31AA5E9} = {8C1D54C2-BC42-44DE-8DA6-5A08A95FE60B}
		{61B85E79-E130-4EAD-B24A-5F8094B0CBCA} = {8C1D54C2-BC42-44DE-8DA6-5A08A95FE60B}
		{9AB80535-3A71-4CF5-B099-897EFE0F4824} = {8C1D54C2-BC42-44DE-8DA6-5A08A95FE60B}
		{CB475EE5-262C-4143-A316-5E4BFFFE16B4} = {55B10C5A-D291-40B2-A636-30B0D1B08257}
	EndGlobalSection
	GlobalSection(ExtensibilityGlobals) = postSolution
		SolutionGuid = {CCC5D579-AD4E-405B-AA04-627D5022AD70}
	EndGlobalSection
EndGlobal
